
Microsoft Visual Studio Solution File, Format Version 12.00
# Visual Studio Version 16
VisualStudioVersion = 16.0.31515.178
MinimumVisualStudioVersion = 10.0.40219.1
Project("{FAE04EC0-301F-11D3-BF4B-00C04F79EFBC}") = "Merthsoft.DesignatorShapes", "Source\Merthsoft.DesignatorShapes.csproj", "{EB853EAD-4C5C-4F16-96FC-501F16C907A1}"
EndProject
Global
	GlobalSection(SolutionConfigurationPlatforms) = preSolution
		Debug|Any CPU = Debug|Any CPU
		Release|Any CPU = Release|Any CPU
	EndGlobalSection
	GlobalSection(ProjectConfigurationPlatforms) = postSolution
		{EB853EAD-4C5C-4F16-96FC-501F16C907A1}.Debug|Any CPU.ActiveCfg = Debug|Any CPU
		{EB853EAD-4C5C-4F16-96FC-501F16C907A1}.Debug|Any CPU.Build.0 = Debug|Any CPU
		{EB853EAD-4C5C-4F16-96FC-501F16C907A1}.Release|Any CPU.ActiveCfg = Release|Any CPU
		{EB853EAD-4C5C-4F16-96FC-501F16C907A1}.Release|Any CPU.Build.0 = Release|Any CPU
	EndGlobalSection
	GlobalSection(SolutionProperties) = preSolution
		HideSolutionNode = FALSE
	EndGlobalSection
	GlobalSection(ExtensibilityGlobals) = postSolution
		SolutionGuid = {800184EF-1B35-49C0-9F5E-3E56F213BC71}
	EndGlobalSection
EndGlobal
